
Microsoft Visual Studio Solution File, Format Version 12.00
# Visual Studio 15
VisualStudioVersion = 15.0.28010.2036
MinimumVisualStudioVersion = 10.0.40219.1
Project("{9A19103F-16F7-4668-BE54-9A1E7A4F7556}") = "MISTDO.Web", "MISTDO.Web\MISTDO.Web.csproj", "{13A673C9-C76E-4E27-94C3-416B986426E9}"
EndProject
Global
	GlobalSection(SolutionConfigurationPlatforms) = preSolution
		Debug|Any CPU = Debug|Any CPU
		Release|Any CPU = Release|Any CPU
	EndGlobalSection
	GlobalSection(ProjectConfigurationPlatforms) = postSolution
		{13A673C9-C76E-4E27-94C3-416B986426E9}.Debug|Any CPU.ActiveCfg = Debug|Any CPU
		{13A673C9-C76E-4E27-94C3-416B986426E9}.Debug|Any CPU.Build.0 = Debug|Any CPU
		{13A673C9-C76E-4E27-94C3-416B986426E9}.Release|Any CPU.ActiveCfg = Release|Any CPU
		{13A673C9-C76E-4E27-94C3-416B986426E9}.Release|Any CPU.Build.0 = Release|Any CPU
	EndGlobalSection
	GlobalSection(SolutionProperties) = preSolution
		HideSolutionNode = FALSE
	EndGlobalSection
	GlobalSection(ExtensibilityGlobals) = postSolution
		SolutionGuid = {B4E5C9BA-73CC-49EE-B288-762F57CDDDF2}
	EndGlobalSection
EndGlobal
